// !$*UTF8*$!
{
	archiveVersion = 1;
	classes = {
	};
	objectVersion = 46;
	objects = {

/* Begin PBXBuildFile section */
		4F0E3F0F9D85E0B2C4D1AD1B /* Pods.framework in Frameworks */ = {isa = PBXBuildFile; fileRef = D7DA40EAE42271A34225C5E7 /* Pods.framework */; };
		7A7189CA1CA312520011FD58 /* GOJAppDelegate.m in Sources */ = {isa = PBXBuildFile; fileRef = 7A7189BB1CA312520011FD58 /* GOJAppDelegate.m */; };
		7A7189D31CA313310011FD58 /* Assets.xcassets in Resources */ = {isa = PBXBuildFile; fileRef = 7A7189D21CA313310011FD58 /* Assets.xcassets */; };
		7A7189DC1CA313580011FD58 /* GOJQualificationsViewController.m in Sources */ = {isa = PBXBuildFile; fileRef = 7A7189DB1CA313580011FD58 /* GOJQualificationsViewController.m */; };
		7A7189E21CA3145C0011FD58 /* main.m in Sources */ = {isa = PBXBuildFile; fileRef = 7A7189C51CA312520011FD58 /* main.m */; };
		7A7189E51CA317640011FD58 /* GOJRootNavigationController.m in Sources */ = {isa = PBXBuildFile; fileRef = 7A7189E41CA317640011FD58 /* GOJRootNavigationController.m */; };
		7A7189E81CA31C480011FD58 /* Gojimo.xcdatamodeld in Sources */ = {isa = PBXBuildFile; fileRef = 7A7189E61CA31C480011FD58 /* Gojimo.xcdatamodeld */; };
		7A7189EB1CA31E0B0011FD58 /* GOJAPIManager.m in Sources */ = {isa = PBXBuildFile; fileRef = 7A7189EA1CA31E0B0011FD58 /* GOJAPIManager.m */; };
		7A7189EE1CA31E770011FD58 /* GOJQualificationsAPIManager.m in Sources */ = {isa = PBXBuildFile; fileRef = 7A7189ED1CA31E770011FD58 /* GOJQualificationsAPIManager.m */; };
		7A7189F11CA31EDF0011FD58 /* GOJRequest.m in Sources */ = {isa = PBXBuildFile; fileRef = 7A7189F01CA31EDF0011FD58 /* GOJRequest.m */; };
		7A7189F41CA31F3A0011FD58 /* GOJQualificationsRequest.m in Sources */ = {isa = PBXBuildFile; fileRef = 7A7189F31CA31F3A0011FD58 /* GOJQualificationsRequest.m */; };
		7A7189FA1CA321B70011FD58 /* GOJParser.m in Sources */ = {isa = PBXBuildFile; fileRef = 7A7189F91CA321B70011FD58 /* GOJParser.m */; };
		7A718A001CA323860011FD58 /* GOJQualificationsParserOperation.m in Sources */ = {isa = PBXBuildFile; fileRef = 7A7189FF1CA323860011FD58 /* GOJQualificationsParserOperation.m */; };
		7A718A031CA328080011FD58 /* GOJQualificationsParser.m in Sources */ = {isa = PBXBuildFile; fileRef = 7A718A021CA328080011FD58 /* GOJQualificationsParser.m */; };
		7A718A061CA328160011FD58 /* GOJQualificationsFeedParser.m in Sources */ = {isa = PBXBuildFile; fileRef = 7A718A051CA328160011FD58 /* GOJQualificationsFeedParser.m */; };
		7A718A0F1CA33F770011FD58 /* GOJQualification+CoreDataProperties.m in Sources */ = {isa = PBXBuildFile; fileRef = 7A718A081CA33F770011FD58 /* GOJQualification+CoreDataProperties.m */; };
		7A718A101CA33F770011FD58 /* GOJQualification.m in Sources */ = {isa = PBXBuildFile; fileRef = 7A718A0A1CA33F770011FD58 /* GOJQualification.m */; };
		7A718A111CA33F770011FD58 /* GOJQualificationsFeed+CoreDataProperties.m in Sources */ = {isa = PBXBuildFile; fileRef = 7A718A0C1CA33F770011FD58 /* GOJQualificationsFeed+CoreDataProperties.m */; };
		7A718A121CA33F770011FD58 /* GOJQualificationsFeed.m in Sources */ = {isa = PBXBuildFile; fileRef = 7A718A0E1CA33F770011FD58 /* GOJQualificationsFeed.m */; };
		7A718A171CA492D00011FD58 /* TradeGothic-Light.ttf in Resources */ = {isa = PBXBuildFile; fileRef = 7A718A141CA492D00011FD58 /* TradeGothic-Light.ttf */; };
		7A718A181CA492D00011FD58 /* TradeGothicLT.ttf in Resources */ = {isa = PBXBuildFile; fileRef = 7A718A151CA492D00011FD58 /* TradeGothicLT.ttf */; };
		7A718A191CA492D00011FD58 /* TradeGothicNo.2-Bold.ttf in Resources */ = {isa = PBXBuildFile; fileRef = 7A718A161CA492D00011FD58 /* TradeGothicNo.2-Bold.ttf */; };
		7A718A201CA493390011FD58 /* UIFont+GOJFont.m in Sources */ = {isa = PBXBuildFile; fileRef = 7A718A1F1CA493390011FD58 /* UIFont+GOJFont.m */; };
		7A718A271CA4968C0011FD58 /* GOJQualificationsAdapter.m in Sources */ = {isa = PBXBuildFile; fileRef = 7A718A261CA4968C0011FD58 /* GOJQualificationsAdapter.m */; };
		7A718A2A1CA49A220011FD58 /* GOJTableViewCell.m in Sources */ = {isa = PBXBuildFile; fileRef = 7A718A291CA49A220011FD58 /* GOJTableViewCell.m */; };
		7A718A2D1CA49AC70011FD58 /* GOJQualificationsTableViewCell.m in Sources */ = {isa = PBXBuildFile; fileRef = 7A718A2C1CA49AC70011FD58 /* GOJQualificationsTableViewCell.m */; };
		7A718A311CA49BB60011FD58 /* GOJDeviceSizeService.m in Sources */ = {isa = PBXBuildFile; fileRef = 7A718A301CA49BB60011FD58 /* GOJDeviceSizeService.m */; };
		C0039ABB1CA408F700437BBC /* GOJCountry+CoreDataProperties.m in Sources */ = {isa = PBXBuildFile; fileRef = C0039AB81CA408F700437BBC /* GOJCountry+CoreDataProperties.m */; };
		C0039ABC1CA408F700437BBC /* GOJCountry.m in Sources */ = {isa = PBXBuildFile; fileRef = C0039ABA1CA408F700437BBC /* GOJCountry.m */; };
		C0039AC11CA4090800437BBC /* GOJSubject+CoreDataProperties.m in Sources */ = {isa = PBXBuildFile; fileRef = C0039ABE1CA4090800437BBC /* GOJSubject+CoreDataProperties.m */; };
		C0039AC21CA4090800437BBC /* GOJSubject.m in Sources */ = {isa = PBXBuildFile; fileRef = C0039AC01CA4090800437BBC /* GOJSubject.m */; };
		C0039AC71CA42D0F00437BBC /* GOJCountryParser.m in Sources */ = {isa = PBXBuildFile; fileRef = C0039AC61CA42D0F00437BBC /* GOJCountryParser.m */; };
		C0039ACC1CA4383F00437BBC /* NSDateFormatter+GOJServerResponse.m in Sources */ = {isa = PBXBuildFile; fileRef = C0039ACB1CA4383F00437BBC /* NSDateFormatter+GOJServerResponse.m */; };
		C0039AD11CA450E300437BBC /* GOJValueOrDefault.m in Sources */ = {isa = PBXBuildFile; fileRef = C0039AD01CA450E300437BBC /* GOJValueOrDefault.m */; };
		C0039AD61CA45B7000437BBC /* GOJSubjectParser.m in Sources */ = {isa = PBXBuildFile; fileRef = C0039AD51CA45B7000437BBC /* GOJSubjectParser.m */; };
/* End PBXBuildFile section */

/* Begin PBXFileReference section */
		1E0E385334E90A882E82B10D /* Pods.debug.xcconfig */ = {isa = PBXFileReference; includeInIndex = 1; lastKnownFileType = text.xcconfig; name = Pods.debug.xcconfig; path = "Pods/Target Support Files/Pods/Pods.debug.xcconfig"; sourceTree = "<group>"; };
		7A71899F1CA3111F0011FD58 /* Gojimo-ObjC.app */ = {isa = PBXFileReference; explicitFileType = wrapper.application; includeInIndex = 0; path = "Gojimo-ObjC.app"; sourceTree = BUILT_PRODUCTS_DIR; };
		7A7189BA1CA312520011FD58 /* GOJAppDelegate.h */ = {isa = PBXFileReference; fileEncoding = 4; lastKnownFileType = sourcecode.c.h; path = GOJAppDelegate.h; sourceTree = "<group>"; };
		7A7189BB1CA312520011FD58 /* GOJAppDelegate.m */ = {isa = PBXFileReference; fileEncoding = 4; lastKnownFileType = sourcecode.c.objc; path = GOJAppDelegate.m; sourceTree = "<group>"; };
		7A7189C41CA312520011FD58 /* Info.plist */ = {isa = PBXFileReference; fileEncoding = 4; lastKnownFileType = text.plist.xml; path = Info.plist; sourceTree = "<group>"; };
		7A7189C51CA312520011FD58 /* main.m */ = {isa = PBXFileReference; fileEncoding = 4; lastKnownFileType = sourcecode.c.objc; path = main.m; sourceTree = "<group>"; };
		7A7189D21CA313310011FD58 /* Assets.xcassets */ = {isa = PBXFileReference; lastKnownFileType = folder.assetcatalog; path = Assets.xcassets; sourceTree = "<group>"; };
		7A7189DA1CA313580011FD58 /* GOJQualificationsViewController.h */ = {isa = PBXFileReference; fileEncoding = 4; lastKnownFileType = sourcecode.c.h; path = GOJQualificationsViewController.h; sourceTree = "<group>"; };
		7A7189DB1CA313580011FD58 /* GOJQualificationsViewController.m */ = {isa = PBXFileReference; fileEncoding = 4; lastKnownFileType = sourcecode.c.objc; path = GOJQualificationsViewController.m; sourceTree = "<group>"; };
		7A7189E11CA313E10011FD58 /* Gojimo-ObjC-Prefix.pch */ = {isa = PBXFileReference; fileEncoding = 4; lastKnownFileType = sourcecode.c.h; path = "Gojimo-ObjC-Prefix.pch"; sourceTree = "<group>"; };
		7A7189E31CA317640011FD58 /* GOJRootNavigationController.h */ = {isa = PBXFileReference; fileEncoding = 4; lastKnownFileType = sourcecode.c.h; path = GOJRootNavigationController.h; sourceTree = "<group>"; };
		7A7189E41CA317640011FD58 /* GOJRootNavigationController.m */ = {isa = PBXFileReference; fileEncoding = 4; lastKnownFileType = sourcecode.c.objc; path = GOJRootNavigationController.m; sourceTree = "<group>"; };
		7A7189E71CA31C480011FD58 /* Gojimo.xcdatamodel */ = {isa = PBXFileReference; lastKnownFileType = wrapper.xcdatamodel; path = Gojimo.xcdatamodel; sourceTree = "<group>"; };
		7A7189E91CA31E0B0011FD58 /* GOJAPIManager.h */ = {isa = PBXFileReference; fileEncoding = 4; lastKnownFileType = sourcecode.c.h; path = GOJAPIManager.h; sourceTree = "<group>"; };
		7A7189EA1CA31E0B0011FD58 /* GOJAPIManager.m */ = {isa = PBXFileReference; fileEncoding = 4; lastKnownFileType = sourcecode.c.objc; path = GOJAPIManager.m; sourceTree = "<group>"; };
		7A7189EC1CA31E770011FD58 /* GOJQualificationsAPIManager.h */ = {isa = PBXFileReference; fileEncoding = 4; lastKnownFileType = sourcecode.c.h; path = GOJQualificationsAPIManager.h; sourceTree = "<group>"; };
		7A7189ED1CA31E770011FD58 /* GOJQualificationsAPIManager.m */ = {isa = PBXFileReference; fileEncoding = 4; lastKnownFileType = sourcecode.c.objc; path = GOJQualificationsAPIManager.m; sourceTree = "<group>"; };
		7A7189EF1CA31EDF0011FD58 /* GOJRequest.h */ = {isa = PBXFileReference; fileEncoding = 4; lastKnownFileType = sourcecode.c.h; path = GOJRequest.h; sourceTree = "<group>"; };
		7A7189F01CA31EDF0011FD58 /* GOJRequest.m */ = {isa = PBXFileReference; fileEncoding = 4; lastKnownFileType = sourcecode.c.objc; path = GOJRequest.m; sourceTree = "<group>"; };
		7A7189F21CA31F3A0011FD58 /* GOJQualificationsRequest.h */ = {isa = PBXFileReference; fileEncoding = 4; lastKnownFileType = sourcecode.c.h; path = GOJQualificationsRequest.h; sourceTree = "<group>"; };
		7A7189F31CA31F3A0011FD58 /* GOJQualificationsRequest.m */ = {isa = PBXFileReference; fileEncoding = 4; lastKnownFileType = sourcecode.c.objc; path = GOJQualificationsRequest.m; sourceTree = "<group>"; };
		7A7189F81CA321B70011FD58 /* GOJParser.h */ = {isa = PBXFileReference; fileEncoding = 4; lastKnownFileType = sourcecode.c.h; path = GOJParser.h; sourceTree = "<group>"; };
		7A7189F91CA321B70011FD58 /* GOJParser.m */ = {isa = PBXFileReference; fileEncoding = 4; lastKnownFileType = sourcecode.c.objc; path = GOJParser.m; sourceTree = "<group>"; };
		7A7189FE1CA323860011FD58 /* GOJQualificationsParserOperation.h */ = {isa = PBXFileReference; fileEncoding = 4; lastKnownFileType = sourcecode.c.h; path = GOJQualificationsParserOperation.h; sourceTree = "<group>"; };
		7A7189FF1CA323860011FD58 /* GOJQualificationsParserOperation.m */ = {isa = PBXFileReference; fileEncoding = 4; lastKnownFileType = sourcecode.c.objc; path = GOJQualificationsParserOperation.m; sourceTree = "<group>"; };
		7A718A011CA328080011FD58 /* GOJQualificationsParser.h */ = {isa = PBXFileReference; fileEncoding = 4; lastKnownFileType = sourcecode.c.h; path = GOJQualificationsParser.h; sourceTree = "<group>"; };
		7A718A021CA328080011FD58 /* GOJQualificationsParser.m */ = {isa = PBXFileReference; fileEncoding = 4; lastKnownFileType = sourcecode.c.objc; path = GOJQualificationsParser.m; sourceTree = "<group>"; };
		7A718A041CA328160011FD58 /* GOJQualificationsFeedParser.h */ = {isa = PBXFileReference; fileEncoding = 4; lastKnownFileType = sourcecode.c.h; path = GOJQualificationsFeedParser.h; sourceTree = "<group>"; };
		7A718A051CA328160011FD58 /* GOJQualificationsFeedParser.m */ = {isa = PBXFileReference; fileEncoding = 4; lastKnownFileType = sourcecode.c.objc; path = GOJQualificationsFeedParser.m; sourceTree = "<group>"; };
		7A718A071CA33F770011FD58 /* GOJQualification+CoreDataProperties.h */ = {isa = PBXFileReference; fileEncoding = 4; lastKnownFileType = sourcecode.c.h; path = "GOJQualification+CoreDataProperties.h"; sourceTree = "<group>"; };
		7A718A081CA33F770011FD58 /* GOJQualification+CoreDataProperties.m */ = {isa = PBXFileReference; fileEncoding = 4; lastKnownFileType = sourcecode.c.objc; path = "GOJQualification+CoreDataProperties.m"; sourceTree = "<group>"; };
		7A718A091CA33F770011FD58 /* GOJQualification.h */ = {isa = PBXFileReference; fileEncoding = 4; lastKnownFileType = sourcecode.c.h; path = GOJQualification.h; sourceTree = "<group>"; };
		7A718A0A1CA33F770011FD58 /* GOJQualification.m */ = {isa = PBXFileReference; fileEncoding = 4; lastKnownFileType = sourcecode.c.objc; path = GOJQualification.m; sourceTree = "<group>"; };
		7A718A0B1CA33F770011FD58 /* GOJQualificationsFeed+CoreDataProperties.h */ = {isa = PBXFileReference; fileEncoding = 4; lastKnownFileType = sourcecode.c.h; path = "GOJQualificationsFeed+CoreDataProperties.h"; sourceTree = "<group>"; };
		7A718A0C1CA33F770011FD58 /* GOJQualificationsFeed+CoreDataProperties.m */ = {isa = PBXFileReference; fileEncoding = 4; lastKnownFileType = sourcecode.c.objc; path = "GOJQualificationsFeed+CoreDataProperties.m"; sourceTree = "<group>"; };
		7A718A0D1CA33F770011FD58 /* GOJQualificationsFeed.h */ = {isa = PBXFileReference; fileEncoding = 4; lastKnownFileType = sourcecode.c.h; path = GOJQualificationsFeed.h; sourceTree = "<group>"; };
		7A718A0E1CA33F770011FD58 /* GOJQualificationsFeed.m */ = {isa = PBXFileReference; fileEncoding = 4; lastKnownFileType = sourcecode.c.objc; path = GOJQualificationsFeed.m; sourceTree = "<group>"; };
		7A718A141CA492D00011FD58 /* TradeGothic-Light.ttf */ = {isa = PBXFileReference; lastKnownFileType = file; path = "TradeGothic-Light.ttf"; sourceTree = "<group>"; };
		7A718A151CA492D00011FD58 /* TradeGothicLT.ttf */ = {isa = PBXFileReference; lastKnownFileType = file; path = TradeGothicLT.ttf; sourceTree = "<group>"; };
		7A718A161CA492D00011FD58 /* TradeGothicNo.2-Bold.ttf */ = {isa = PBXFileReference; lastKnownFileType = file; path = "TradeGothicNo.2-Bold.ttf"; sourceTree = "<group>"; };
		7A718A1E1CA493390011FD58 /* UIFont+GOJFont.h */ = {isa = PBXFileReference; fileEncoding = 4; lastKnownFileType = sourcecode.c.h; path = "UIFont+GOJFont.h"; sourceTree = "<group>"; };
		7A718A1F1CA493390011FD58 /* UIFont+GOJFont.m */ = {isa = PBXFileReference; fileEncoding = 4; lastKnownFileType = sourcecode.c.objc; path = "UIFont+GOJFont.m"; sourceTree = "<group>"; };
		7A718A251CA4968C0011FD58 /* GOJQualificationsAdapter.h */ = {isa = PBXFileReference; fileEncoding = 4; lastKnownFileType = sourcecode.c.h; path = GOJQualificationsAdapter.h; sourceTree = "<group>"; };
		7A718A261CA4968C0011FD58 /* GOJQualificationsAdapter.m */ = {isa = PBXFileReference; fileEncoding = 4; lastKnownFileType = sourcecode.c.objc; path = GOJQualificationsAdapter.m; sourceTree = "<group>"; };
		7A718A281CA49A220011FD58 /* GOJTableViewCell.h */ = {isa = PBXFileReference; fileEncoding = 4; lastKnownFileType = sourcecode.c.h; path = GOJTableViewCell.h; sourceTree = "<group>"; };
		7A718A291CA49A220011FD58 /* GOJTableViewCell.m */ = {isa = PBXFileReference; fileEncoding = 4; lastKnownFileType = sourcecode.c.objc; path = GOJTableViewCell.m; sourceTree = "<group>"; };
		7A718A2B1CA49AC70011FD58 /* GOJQualificationsTableViewCell.h */ = {isa = PBXFileReference; fileEncoding = 4; lastKnownFileType = sourcecode.c.h; path = GOJQualificationsTableViewCell.h; sourceTree = "<group>"; };
		7A718A2C1CA49AC70011FD58 /* GOJQualificationsTableViewCell.m */ = {isa = PBXFileReference; fileEncoding = 4; lastKnownFileType = sourcecode.c.objc; path = GOJQualificationsTableViewCell.m; sourceTree = "<group>"; };
		7A718A2F1CA49BB60011FD58 /* GOJDeviceSizeService.h */ = {isa = PBXFileReference; fileEncoding = 4; lastKnownFileType = sourcecode.c.h; path = GOJDeviceSizeService.h; sourceTree = "<group>"; };
		7A718A301CA49BB60011FD58 /* GOJDeviceSizeService.m */ = {isa = PBXFileReference; fileEncoding = 4; lastKnownFileType = sourcecode.c.objc; path = GOJDeviceSizeService.m; sourceTree = "<group>"; };
		C0039AB71CA408F700437BBC /* GOJCountry+CoreDataProperties.h */ = {isa = PBXFileReference; fileEncoding = 4; lastKnownFileType = sourcecode.c.h; path = "GOJCountry+CoreDataProperties.h"; sourceTree = "<group>"; };
		C0039AB81CA408F700437BBC /* GOJCountry+CoreDataProperties.m */ = {isa = PBXFileReference; fileEncoding = 4; lastKnownFileType = sourcecode.c.objc; path = "GOJCountry+CoreDataProperties.m"; sourceTree = "<group>"; };
		C0039AB91CA408F700437BBC /* GOJCountry.h */ = {isa = PBXFileReference; fileEncoding = 4; lastKnownFileType = sourcecode.c.h; path = GOJCountry.h; sourceTree = "<group>"; };
		C0039ABA1CA408F700437BBC /* GOJCountry.m */ = {isa = PBXFileReference; fileEncoding = 4; lastKnownFileType = sourcecode.c.objc; path = GOJCountry.m; sourceTree = "<group>"; };
		C0039ABD1CA4090800437BBC /* GOJSubject+CoreDataProperties.h */ = {isa = PBXFileReference; fileEncoding = 4; lastKnownFileType = sourcecode.c.h; path = "GOJSubject+CoreDataProperties.h"; sourceTree = "<group>"; };
		C0039ABE1CA4090800437BBC /* GOJSubject+CoreDataProperties.m */ = {isa = PBXFileReference; fileEncoding = 4; lastKnownFileType = sourcecode.c.objc; path = "GOJSubject+CoreDataProperties.m"; sourceTree = "<group>"; };
		C0039ABF1CA4090800437BBC /* GOJSubject.h */ = {isa = PBXFileReference; fileEncoding = 4; lastKnownFileType = sourcecode.c.h; path = GOJSubject.h; sourceTree = "<group>"; };
		C0039AC01CA4090800437BBC /* GOJSubject.m */ = {isa = PBXFileReference; fileEncoding = 4; lastKnownFileType = sourcecode.c.objc; path = GOJSubject.m; sourceTree = "<group>"; };
		C0039AC51CA42D0F00437BBC /* GOJCountryParser.h */ = {isa = PBXFileReference; fileEncoding = 4; lastKnownFileType = sourcecode.c.h; path = GOJCountryParser.h; sourceTree = "<group>"; };
		C0039AC61CA42D0F00437BBC /* GOJCountryParser.m */ = {isa = PBXFileReference; fileEncoding = 4; lastKnownFileType = sourcecode.c.objc; path = GOJCountryParser.m; sourceTree = "<group>"; };
		C0039ACA1CA4383F00437BBC /* NSDateFormatter+GOJServerResponse.h */ = {isa = PBXFileReference; fileEncoding = 4; lastKnownFileType = sourcecode.c.h; path = "NSDateFormatter+GOJServerResponse.h"; sourceTree = "<group>"; };
		C0039ACB1CA4383F00437BBC /* NSDateFormatter+GOJServerResponse.m */ = {isa = PBXFileReference; fileEncoding = 4; lastKnownFileType = sourcecode.c.objc; path = "NSDateFormatter+GOJServerResponse.m"; sourceTree = "<group>"; };
		C0039ACF1CA450E300437BBC /* GOJValueOrDefault.h */ = {isa = PBXFileReference; fileEncoding = 4; lastKnownFileType = sourcecode.c.h; path = GOJValueOrDefault.h; sourceTree = "<group>"; };
		C0039AD01CA450E300437BBC /* GOJValueOrDefault.m */ = {isa = PBXFileReference; fileEncoding = 4; lastKnownFileType = sourcecode.c.objc; path = GOJValueOrDefault.m; sourceTree = "<group>"; };
		C0039AD41CA45B7000437BBC /* GOJSubjectParser.h */ = {isa = PBXFileReference; fileEncoding = 4; lastKnownFileType = sourcecode.c.h; path = GOJSubjectParser.h; sourceTree = "<group>"; };
		C0039AD51CA45B7000437BBC /* GOJSubjectParser.m */ = {isa = PBXFileReference; fileEncoding = 4; lastKnownFileType = sourcecode.c.objc; path = GOJSubjectParser.m; sourceTree = "<group>"; };
		C33E5DAA0BF9774096280871 /* Pods.release.xcconfig */ = {isa = PBXFileReference; includeInIndex = 1; lastKnownFileType = text.xcconfig; name = Pods.release.xcconfig; path = "Pods/Target Support Files/Pods/Pods.release.xcconfig"; sourceTree = "<group>"; };
		D7DA40EAE42271A34225C5E7 /* Pods.framework */ = {isa = PBXFileReference; explicitFileType = wrapper.framework; includeInIndex = 0; path = Pods.framework; sourceTree = BUILT_PRODUCTS_DIR; };
/* End PBXFileReference section */

/* Begin PBXFrameworksBuildPhase section */
		7A71899C1CA3111F0011FD58 /* Frameworks */ = {
			isa = PBXFrameworksBuildPhase;
			buildActionMask = 2147483647;
			files = (
				4F0E3F0F9D85E0B2C4D1AD1B /* Pods.framework in Frameworks */,
			);
			runOnlyForDeploymentPostprocessing = 0;
		};
/* End PBXFrameworksBuildPhase section */

/* Begin PBXGroup section */
		316ECB674200B72309C83D8E /* Pods */ = {
			isa = PBXGroup;
			children = (
				1E0E385334E90A882E82B10D /* Pods.debug.xcconfig */,
				C33E5DAA0BF9774096280871 /* Pods.release.xcconfig */,
			);
			name = Pods;
			sourceTree = "<group>";
		};
		6D3FE3B76C1F7FEF43563179 /* Frameworks */ = {
			isa = PBXGroup;
			children = (
				D7DA40EAE42271A34225C5E7 /* Pods.framework */,
			);
			name = Frameworks;
			sourceTree = "<group>";
		};
		7A7189961CA3111F0011FD58 = {
			isa = PBXGroup;
			children = (
				7A7189A11CA3111F0011FD58 /* Gojimo-ObjC */,
				7A7189A01CA3111F0011FD58 /* Products */,
				316ECB674200B72309C83D8E /* Pods */,
				6D3FE3B76C1F7FEF43563179 /* Frameworks */,
			);
			sourceTree = "<group>";
		};
		7A7189A01CA3111F0011FD58 /* Products */ = {
			isa = PBXGroup;
			children = (
				7A71899F1CA3111F0011FD58 /* Gojimo-ObjC.app */,
			);
			name = Products;
			sourceTree = "<group>";
		};
		7A7189A11CA3111F0011FD58 /* Gojimo-ObjC */ = {
			isa = PBXGroup;
			children = (
				7A7189B91CA312520011FD58 /* AppDelegate */,
				C0039AC81CA4382400437BBC /* Catagories */,
				7A7189BD1CA312520011FD58 /* Model */,
				7A7189BE1CA312520011FD58 /* Networking */,
				7A7189BF1CA312520011FD58 /* Resources */,
				7A7189C21CA312520011FD58 /* Services */,
				7A7189C31CA312520011FD58 /* SupportingFiles */,
				C0039ACD1CA4507C00437BBC /* Utilities */,
				7A7189C61CA312520011FD58 /* ViewControllers */,
				7A7189C91CA312520011FD58 /* Views */,
			);
			path = "Gojimo-ObjC";
			sourceTree = "<group>";
		};
		7A7189B91CA312520011FD58 /* AppDelegate */ = {
			isa = PBXGroup;
			children = (
				7A7189BA1CA312520011FD58 /* GOJAppDelegate.h */,
				7A7189BB1CA312520011FD58 /* GOJAppDelegate.m */,
			);
			path = AppDelegate;
			sourceTree = "<group>";
		};
		7A7189BD1CA312520011FD58 /* Model */ = {
			isa = PBXGroup;
			children = (
				7A7189CF1CA312D20011FD58 /* CoreData */,
			);
			path = Model;
			sourceTree = "<group>";
		};
		7A7189BE1CA312520011FD58 /* Networking */ = {
			isa = PBXGroup;
			children = (
				7A7189D41CA3133A0011FD58 /* APIs */,
				7A7189D71CA3133A0011FD58 /* Requests */,
			);
			path = Networking;
			sourceTree = "<group>";
		};
		7A7189BF1CA312520011FD58 /* Resources */ = {
			isa = PBXGroup;
			children = (
				7A718A131CA492D00011FD58 /* Fonts */,
				7A7189C11CA312520011FD58 /* Images */,
			);
			path = Resources;
			sourceTree = "<group>";
		};
		7A7189C11CA312520011FD58 /* Images */ = {
			isa = PBXGroup;
			children = (
				7A7189D21CA313310011FD58 /* Assets.xcassets */,
			);
			path = Images;
			sourceTree = "<group>";
		};
		7A7189C21CA312520011FD58 /* Services */ = {
			isa = PBXGroup;
			children = (
				7A718A2E1CA49B850011FD58 /* DeviceSizeService */,
			);
			path = Services;
			sourceTree = "<group>";
		};
		7A7189C31CA312520011FD58 /* SupportingFiles */ = {
			isa = PBXGroup;
			children = (
				7A7189C41CA312520011FD58 /* Info.plist */,
				7A7189C51CA312520011FD58 /* main.m */,
				7A7189E11CA313E10011FD58 /* Gojimo-ObjC-Prefix.pch */,
			);
			path = SupportingFiles;
			sourceTree = "<group>";
		};
		7A7189C61CA312520011FD58 /* ViewControllers */ = {
			isa = PBXGroup;
			children = (
				7A7189D91CA313580011FD58 /* Qualifications */,
			);
			path = ViewControllers;
			sourceTree = "<group>";
		};
		7A7189C91CA312520011FD58 /* Views */ = {
			isa = PBXGroup;
			children = (
				7A7189DD1CA3138B0011FD58 /* NavigationController */,
				7A7189DE1CA3138B0011FD58 /* TableView */,
				7A7189DF1CA3138B0011FD58 /* TableViewCell */,
			);
			path = Views;
			sourceTree = "<group>";
		};
		7A7189CF1CA312D20011FD58 /* CoreData */ = {
			isa = PBXGroup;
			children = (
				7A7189D01CA312D20011FD58 /* ManagedObjects */,
				7A7189D11CA312D20011FD58 /* Model */,
			);
			path = CoreData;
			sourceTree = "<group>";
		};
		7A7189D01CA312D20011FD58 /* ManagedObjects */ = {
			isa = PBXGroup;
			children = (
				C0039AB71CA408F700437BBC /* GOJCountry+CoreDataProperties.h */,
				C0039AB81CA408F700437BBC /* GOJCountry+CoreDataProperties.m */,
				C0039AB91CA408F700437BBC /* GOJCountry.h */,
				C0039ABA1CA408F700437BBC /* GOJCountry.m */,
				7A718A071CA33F770011FD58 /* GOJQualification+CoreDataProperties.h */,
				7A718A081CA33F770011FD58 /* GOJQualification+CoreDataProperties.m */,
				7A718A091CA33F770011FD58 /* GOJQualification.h */,
				7A718A0A1CA33F770011FD58 /* GOJQualification.m */,
				7A718A0B1CA33F770011FD58 /* GOJQualificationsFeed+CoreDataProperties.h */,
				7A718A0C1CA33F770011FD58 /* GOJQualificationsFeed+CoreDataProperties.m */,
				7A718A0D1CA33F770011FD58 /* GOJQualificationsFeed.h */,
				7A718A0E1CA33F770011FD58 /* GOJQualificationsFeed.m */,
				C0039ABD1CA4090800437BBC /* GOJSubject+CoreDataProperties.h */,
				C0039ABE1CA4090800437BBC /* GOJSubject+CoreDataProperties.m */,
				C0039ABF1CA4090800437BBC /* GOJSubject.h */,
				C0039AC01CA4090800437BBC /* GOJSubject.m */,
			);
			path = ManagedObjects;
			sourceTree = "<group>";
		};
		7A7189D11CA312D20011FD58 /* Model */ = {
			isa = PBXGroup;
			children = (
				7A7189E61CA31C480011FD58 /* Gojimo.xcdatamodeld */,
			);
			path = Model;
			sourceTree = "<group>";
		};
		7A7189D41CA3133A0011FD58 /* APIs */ = {
			isa = PBXGroup;
			children = (
				7A7189D51CA3133A0011FD58 /* Abstract */,
				C0039AC31CA42CAC00437BBC /* Country */,
				7A7189D61CA3133A0011FD58 /* Qualifications */,
				C0039AD21CA45B0F00437BBC /* Subject */,
			);
			path = APIs;
			sourceTree = "<group>";
		};
		7A7189D51CA3133A0011FD58 /* Abstract */ = {
			isa = PBXGroup;
			children = (
				7A7189E91CA31E0B0011FD58 /* GOJAPIManager.h */,
				7A7189EA1CA31E0B0011FD58 /* GOJAPIManager.m */,
				7A7189F51CA3218A0011FD58 /* Parser */,
			);
			path = Abstract;
			sourceTree = "<group>";
		};
		7A7189D61CA3133A0011FD58 /* Qualifications */ = {
			isa = PBXGroup;
			children = (
				7A7189EC1CA31E770011FD58 /* GOJQualificationsAPIManager.h */,
				7A7189ED1CA31E770011FD58 /* GOJQualificationsAPIManager.m */,
				7A7189F61CA3219F0011FD58 /* Operation */,
				7A7189F71CA3219F0011FD58 /* Parser */,
			);
			path = Qualifications;
			sourceTree = "<group>";
		};
		7A7189D71CA3133A0011FD58 /* Requests */ = {
			isa = PBXGroup;
			children = (
				7A7189D81CA3133A0011FD58 /* Abstract */,
				7A7189E01CA313A80011FD58 /* Qualifications */,
			);
			path = Requests;
			sourceTree = "<group>";
		};
		7A7189D81CA3133A0011FD58 /* Abstract */ = {
			isa = PBXGroup;
			children = (
				7A7189EF1CA31EDF0011FD58 /* GOJRequest.h */,
				7A7189F01CA31EDF0011FD58 /* GOJRequest.m */,
			);
			path = Abstract;
			sourceTree = "<group>";
		};
		7A7189D91CA313580011FD58 /* Qualifications */ = {
			isa = PBXGroup;
			children = (
				7A7189DA1CA313580011FD58 /* GOJQualificationsViewController.h */,
				7A7189DB1CA313580011FD58 /* GOJQualificationsViewController.m */,
				7A718A221CA496740011FD58 /* Adapter */,
				7A718A231CA496740011FD58 /* Views */,
			);
			path = Qualifications;
			sourceTree = "<group>";
		};
		7A7189DD1CA3138B0011FD58 /* NavigationController */ = {
			isa = PBXGroup;
			children = (
				7A7189E31CA317640011FD58 /* GOJRootNavigationController.h */,
				7A7189E41CA317640011FD58 /* GOJRootNavigationController.m */,
			);
			path = NavigationController;
			sourceTree = "<group>";
		};
		7A7189DE1CA3138B0011FD58 /* TableView */ = {
			isa = PBXGroup;
			children = (
			);
			path = TableView;
			sourceTree = "<group>";
		};
		7A7189DF1CA3138B0011FD58 /* TableViewCell */ = {
			isa = PBXGroup;
			children = (
				7A718A281CA49A220011FD58 /* GOJTableViewCell.h */,
				7A718A291CA49A220011FD58 /* GOJTableViewCell.m */,
			);
			path = TableViewCell;
			sourceTree = "<group>";
		};
		7A7189E01CA313A80011FD58 /* Qualifications */ = {
			isa = PBXGroup;
			children = (
				7A7189F21CA31F3A0011FD58 /* GOJQualificationsRequest.h */,
				7A7189F31CA31F3A0011FD58 /* GOJQualificationsRequest.m */,
			);
			path = Qualifications;
			sourceTree = "<group>";
		};
		7A7189F51CA3218A0011FD58 /* Parser */ = {
			isa = PBXGroup;
			children = (
				7A7189F81CA321B70011FD58 /* GOJParser.h */,
				7A7189F91CA321B70011FD58 /* GOJParser.m */,
			);
			path = Parser;
			sourceTree = "<group>";
		};
		7A7189F61CA3219F0011FD58 /* Operation */ = {
			isa = PBXGroup;
			children = (
				7A7189FD1CA3236D0011FD58 /* Qualifications */,
			);
			path = Operation;
			sourceTree = "<group>";
		};
		7A7189F71CA3219F0011FD58 /* Parser */ = {
			isa = PBXGroup;
			children = (
				7A7189FB1CA323060011FD58 /* Feed */,
				7A7189FC1CA323060011FD58 /* Qualifications */,
			);
			path = Parser;
			sourceTree = "<group>";
		};
		7A7189FB1CA323060011FD58 /* Feed */ = {
			isa = PBXGroup;
			children = (
				7A718A041CA328160011FD58 /* GOJQualificationsFeedParser.h */,
				7A718A051CA328160011FD58 /* GOJQualificationsFeedParser.m */,
			);
			path = Feed;
			sourceTree = "<group>";
		};
		7A7189FC1CA323060011FD58 /* Qualifications */ = {
			isa = PBXGroup;
			children = (
				7A718A011CA328080011FD58 /* GOJQualificationsParser.h */,
				7A718A021CA328080011FD58 /* GOJQualificationsParser.m */,
			);
			path = Qualifications;
			sourceTree = "<group>";
		};
		7A7189FD1CA3236D0011FD58 /* Qualifications */ = {
			isa = PBXGroup;
			children = (
				7A7189FE1CA323860011FD58 /* GOJQualificationsParserOperation.h */,
				7A7189FF1CA323860011FD58 /* GOJQualificationsParserOperation.m */,
			);
			path = Qualifications;
			sourceTree = "<group>";
		};
		7A718A131CA492D00011FD58 /* Fonts */ = {
			isa = PBXGroup;
			children = (
				7A718A141CA492D00011FD58 /* TradeGothic-Light.ttf */,
				7A718A151CA492D00011FD58 /* TradeGothicLT.ttf */,
				7A718A161CA492D00011FD58 /* TradeGothicNo.2-Bold.ttf */,
			);
			path = Fonts;
			sourceTree = "<group>";
		};
		7A718A1D1CA493210011FD58 /* UIFont */ = {
			isa = PBXGroup;
			children = (
				7A718A1E1CA493390011FD58 /* UIFont+GOJFont.h */,
				7A718A1F1CA493390011FD58 /* UIFont+GOJFont.m */,
			);
			path = UIFont;
			sourceTree = "<group>";
		};
		7A718A221CA496740011FD58 /* Adapter */ = {
			isa = PBXGroup;
			children = (
				7A718A251CA4968C0011FD58 /* GOJQualificationsAdapter.h */,
				7A718A261CA4968C0011FD58 /* GOJQualificationsAdapter.m */,
			);
			path = Adapter;
			sourceTree = "<group>";
		};
		7A718A231CA496740011FD58 /* Views */ = {
			isa = PBXGroup;
			children = (
				7A718A241CA496740011FD58 /* TableViewCell */,
			);
			path = Views;
			sourceTree = "<group>";
		};
		7A718A241CA496740011FD58 /* TableViewCell */ = {
			isa = PBXGroup;
			children = (
				7A718A2B1CA49AC70011FD58 /* GOJQualificationsTableViewCell.h */,
				7A718A2C1CA49AC70011FD58 /* GOJQualificationsTableViewCell.m */,
			);
			path = TableViewCell;
			sourceTree = "<group>";
		};
		7A718A2E1CA49B850011FD58 /* DeviceSizeService */ = {
			isa = PBXGroup;
			children = (
				7A718A2F1CA49BB60011FD58 /* GOJDeviceSizeService.h */,
				7A718A301CA49BB60011FD58 /* GOJDeviceSizeService.m */,
			);
			name = DeviceSizeService;
			path = "untitled folder/DeviceSizeService";
			sourceTree = "<group>";
		};
		C0039AC31CA42CAC00437BBC /* Country */ = {
			isa = PBXGroup;
			children = (
				C0039AC41CA42CC300437BBC /* Parser */,
			);
			path = Country;
			sourceTree = "<group>";
		};
		C0039AC41CA42CC300437BBC /* Parser */ = {
			isa = PBXGroup;
			children = (
				C0039AC51CA42D0F00437BBC /* GOJCountryParser.h */,
				C0039AC61CA42D0F00437BBC /* GOJCountryParser.m */,
			);
			path = Parser;
			sourceTree = "<group>";
		};
		C0039AC81CA4382400437BBC /* Catagories */ = {
			isa = PBXGroup;
			children = (
				7A718A1D1CA493210011FD58 /* UIFont */,
				C0039AC91CA4382400437BBC /* NSDateFormatter */,
			);
			path = Catagories;
			sourceTree = "<group>";
		};
		C0039AC91CA4382400437BBC /* NSDateFormatter */ = {
			isa = PBXGroup;
			children = (
				C0039ACA1CA4383F00437BBC /* NSDateFormatter+GOJServerResponse.h */,
				C0039ACB1CA4383F00437BBC /* NSDateFormatter+GOJServerResponse.m */,
			);
			path = NSDateFormatter;
			sourceTree = "<group>";
		};
		C0039ACD1CA4507C00437BBC /* Utilities */ = {
			isa = PBXGroup;
			children = (
				C0039ACE1CA4509800437BBC /* ValueOrDefault */,
			);
			path = Utilities;
			sourceTree = "<group>";
		};
		C0039ACE1CA4509800437BBC /* ValueOrDefault */ = {
			isa = PBXGroup;
			children = (
				C0039ACF1CA450E300437BBC /* GOJValueOrDefault.h */,
				C0039AD01CA450E300437BBC /* GOJValueOrDefault.m */,
			);
			path = ValueOrDefault;
			sourceTree = "<group>";
		};
		C0039AD21CA45B0F00437BBC /* Subject */ = {
			isa = PBXGroup;
			children = (
				C0039AD31CA45B3000437BBC /* Parser */,
			);
			path = Subject;
			sourceTree = "<group>";
		};
		C0039AD31CA45B3000437BBC /* Parser */ = {
			isa = PBXGroup;
			children = (
				C0039AD41CA45B7000437BBC /* GOJSubjectParser.h */,
				C0039AD51CA45B7000437BBC /* GOJSubjectParser.m */,
			);
			path = Parser;
			sourceTree = "<group>";
		};
/* End PBXGroup section */

/* Begin PBXNativeTarget section */
		7A71899E1CA3111F0011FD58 /* Gojimo-ObjC */ = {
			isa = PBXNativeTarget;
			buildConfigurationList = 7A7189B61CA3111F0011FD58 /* Build configuration list for PBXNativeTarget "Gojimo-ObjC" */;
			buildPhases = (
				AC50705982DEADFC1FB4211F /* Check Pods Manifest.lock */,
				7A71899B1CA3111F0011FD58 /* Sources */,
				7A71899C1CA3111F0011FD58 /* Frameworks */,
				7A71899D1CA3111F0011FD58 /* Resources */,
				BC3B6A19F56AA442346743F6 /* Embed Pods Frameworks */,
				FF3ACF184A137E8EDCFC589D /* Copy Pods Resources */,
			);
			buildRules = (
			);
			dependencies = (
			);
			name = "Gojimo-ObjC";
			productName = "Gojimo-ObjC";
			productReference = 7A71899F1CA3111F0011FD58 /* Gojimo-ObjC.app */;
			productType = "com.apple.product-type.application";
		};
/* End PBXNativeTarget section */

/* Begin PBXProject section */
		7A7189971CA3111F0011FD58 /* Project object */ = {
			isa = PBXProject;
			attributes = {
				CLASSPREFIX = GOJ;
				LastUpgradeCheck = 0720;
				ORGANIZATIONNAME = "Gabriel Massana";
				TargetAttributes = {
					7A71899E1CA3111F0011FD58 = {
						CreatedOnToolsVersion = 7.2;
					};
				};
			};
			buildConfigurationList = 7A71899A1CA3111F0011FD58 /* Build configuration list for PBXProject "Gojimo-ObjC" */;
			compatibilityVersion = "Xcode 3.2";
			developmentRegion = English;
			hasScannedForEncodings = 0;
			knownRegions = (
				en,
				Base,
			);
			mainGroup = 7A7189961CA3111F0011FD58;
			productRefGroup = 7A7189A01CA3111F0011FD58 /* Products */;
			projectDirPath = "";
			projectRoot = "";
			targets = (
				7A71899E1CA3111F0011FD58 /* Gojimo-ObjC */,
			);
		};
/* End PBXProject section */

/* Begin PBXResourcesBuildPhase section */
		7A71899D1CA3111F0011FD58 /* Resources */ = {
			isa = PBXResourcesBuildPhase;
			buildActionMask = 2147483647;
			files = (
				7A718A171CA492D00011FD58 /* TradeGothic-Light.ttf in Resources */,
				7A718A191CA492D00011FD58 /* TradeGothicNo.2-Bold.ttf in Resources */,
				7A7189D31CA313310011FD58 /* Assets.xcassets in Resources */,
				7A718A181CA492D00011FD58 /* TradeGothicLT.ttf in Resources */,
			);
			runOnlyForDeploymentPostprocessing = 0;
		};
/* End PBXResourcesBuildPhase section */

/* Begin PBXShellScriptBuildPhase section */
		AC50705982DEADFC1FB4211F /* Check Pods Manifest.lock */ = {
			isa = PBXShellScriptBuildPhase;
			buildActionMask = 2147483647;
			files = (
			);
			inputPaths = (
			);
			name = "Check Pods Manifest.lock";
			outputPaths = (
			);
			runOnlyForDeploymentPostprocessing = 0;
			shellPath = /bin/sh;
			shellScript = "diff \"${PODS_ROOT}/../Podfile.lock\" \"${PODS_ROOT}/Manifest.lock\" > /dev/null\nif [[ $? != 0 ]] ; then\n    cat << EOM\nerror: The sandbox is not in sync with the Podfile.lock. Run 'pod install' or update your CocoaPods installation.\nEOM\n    exit 1\nfi\n";
			showEnvVarsInLog = 0;
		};
		BC3B6A19F56AA442346743F6 /* Embed Pods Frameworks */ = {
			isa = PBXShellScriptBuildPhase;
			buildActionMask = 2147483647;
			files = (
			);
			inputPaths = (
			);
			name = "Embed Pods Frameworks";
			outputPaths = (
			);
			runOnlyForDeploymentPostprocessing = 0;
			shellPath = /bin/sh;
			shellScript = "\"${SRCROOT}/Pods/Target Support Files/Pods/Pods-frameworks.sh\"\n";
			showEnvVarsInLog = 0;
		};
		FF3ACF184A137E8EDCFC589D /* Copy Pods Resources */ = {
			isa = PBXShellScriptBuildPhase;
			buildActionMask = 2147483647;
			files = (
			);
			inputPaths = (
			);
			name = "Copy Pods Resources";
			outputPaths = (
			);
			runOnlyForDeploymentPostprocessing = 0;
			shellPath = /bin/sh;
			shellScript = "\"${SRCROOT}/Pods/Target Support Files/Pods/Pods-resources.sh\"\n";
			showEnvVarsInLog = 0;
		};
/* End PBXShellScriptBuildPhase section */

/* Begin PBXSourcesBuildPhase section */
		7A71899B1CA3111F0011FD58 /* Sources */ = {
			isa = PBXSourcesBuildPhase;
			buildActionMask = 2147483647;
			files = (
				7A718A111CA33F770011FD58 /* GOJQualificationsFeed+CoreDataProperties.m in Sources */,
				7A718A311CA49BB60011FD58 /* GOJDeviceSizeService.m in Sources */,
				7A718A0F1CA33F770011FD58 /* GOJQualification+CoreDataProperties.m in Sources */,
				C0039AD61CA45B7000437BBC /* GOJSubjectParser.m in Sources */,
				7A7189F11CA31EDF0011FD58 /* GOJRequest.m in Sources */,
				7A7189E51CA317640011FD58 /* GOJRootNavigationController.m in Sources */,
				C0039AC21CA4090800437BBC /* GOJSubject.m in Sources */,
				7A718A061CA328160011FD58 /* GOJQualificationsFeedParser.m in Sources */,
				C0039ABB1CA408F700437BBC /* GOJCountry+CoreDataProperties.m in Sources */,
				7A718A001CA323860011FD58 /* GOJQualificationsParserOperation.m in Sources */,
				7A718A121CA33F770011FD58 /* GOJQualificationsFeed.m in Sources */,
				C0039AD11CA450E300437BBC /* GOJValueOrDefault.m in Sources */,
				7A7189EE1CA31E770011FD58 /* GOJQualificationsAPIManager.m in Sources */,
				C0039AC11CA4090800437BBC /* GOJSubject+CoreDataProperties.m in Sources */,
				7A7189E21CA3145C0011FD58 /* main.m in Sources */,
				7A718A101CA33F770011FD58 /* GOJQualification.m in Sources */,
				7A718A031CA328080011FD58 /* GOJQualificationsParser.m in Sources */,
				7A718A2A1CA49A220011FD58 /* GOJTableViewCell.m in Sources */,
				C0039ACC1CA4383F00437BBC /* NSDateFormatter+GOJServerResponse.m in Sources */,
				7A7189DC1CA313580011FD58 /* GOJQualificationsViewController.m in Sources */,
				7A7189FA1CA321B70011FD58 /* GOJParser.m in Sources */,
				7A7189EB1CA31E0B0011FD58 /* GOJAPIManager.m in Sources */,
				7A718A271CA4968C0011FD58 /* GOJQualificationsAdapter.m in Sources */,
				7A7189E81CA31C480011FD58 /* Gojimo.xcdatamodeld in Sources */,
				7A7189F41CA31F3A0011FD58 /* GOJQualificationsRequest.m in Sources */,
				7A718A201CA493390011FD58 /* UIFont+GOJFont.m in Sources */,
				C0039ABC1CA408F700437BBC /* GOJCountry.m in Sources */,
				C0039AC71CA42D0F00437BBC /* GOJCountryParser.m in Sources */,
				7A718A2D1CA49AC70011FD58 /* GOJQualificationsTableViewCell.m in Sources */,
				7A7189CA1CA312520011FD58 /* GOJAppDelegate.m in Sources */,
			);
			runOnlyForDeploymentPostprocessing = 0;
		};
/* End PBXSourcesBuildPhase section */

/* Begin XCBuildConfiguration section */
		7A7189B41CA3111F0011FD58 /* Debug */ = {
			isa = XCBuildConfiguration;
			buildSettings = {
				ALWAYS_SEARCH_USER_PATHS = NO;
				CLANG_CXX_LANGUAGE_STANDARD = "gnu++0x";
				CLANG_CXX_LIBRARY = "libc++";
				CLANG_ENABLE_MODULES = YES;
				CLANG_ENABLE_OBJC_ARC = YES;
				CLANG_WARN_BOOL_CONVERSION = YES;
				CLANG_WARN_CONSTANT_CONVERSION = YES;
				CLANG_WARN_DIRECT_OBJC_ISA_USAGE = YES_ERROR;
				CLANG_WARN_EMPTY_BODY = YES;
				CLANG_WARN_ENUM_CONVERSION = YES;
				CLANG_WARN_INT_CONVERSION = YES;
				CLANG_WARN_OBJC_ROOT_CLASS = YES_ERROR;
				CLANG_WARN_UNREACHABLE_CODE = YES;
				CLANG_WARN__DUPLICATE_METHOD_MATCH = YES;
				"CODE_SIGN_IDENTITY[sdk=iphoneos*]" = "iPhone Developer";
				COPY_PHASE_STRIP = NO;
				DEBUG_INFORMATION_FORMAT = dwarf;
				ENABLE_STRICT_OBJC_MSGSEND = YES;
				ENABLE_TESTABILITY = YES;
				GCC_C_LANGUAGE_STANDARD = gnu99;
				GCC_DYNAMIC_NO_PIC = NO;
				GCC_NO_COMMON_BLOCKS = YES;
				GCC_OPTIMIZATION_LEVEL = 0;
				GCC_PREPROCESSOR_DEFINITIONS = (
					"DEBUG=1",
					"$(inherited)",
				);
				GCC_WARN_64_TO_32_BIT_CONVERSION = YES;
				GCC_WARN_ABOUT_RETURN_TYPE = YES_ERROR;
				GCC_WARN_UNDECLARED_SELECTOR = YES;
				GCC_WARN_UNINITIALIZED_AUTOS = YES_AGGRESSIVE;
				GCC_WARN_UNUSED_FUNCTION = YES;
				GCC_WARN_UNUSED_VARIABLE = YES;
				IPHONEOS_DEPLOYMENT_TARGET = 9.2;
				MTL_ENABLE_DEBUG_INFO = YES;
				ONLY_ACTIVE_ARCH = YES;
				SDKROOT = iphoneos;
			};
			name = Debug;
		};
		7A7189B51CA3111F0011FD58 /* Release */ = {
			isa = XCBuildConfiguration;
			buildSettings = {
				ALWAYS_SEARCH_USER_PATHS = NO;
				CLANG_CXX_LANGUAGE_STANDARD = "gnu++0x";
				CLANG_CXX_LIBRARY = "libc++";
				CLANG_ENABLE_MODULES = YES;
				CLANG_ENABLE_OBJC_ARC = YES;
				CLANG_WARN_BOOL_CONVERSION = YES;
				CLANG_WARN_CONSTANT_CONVERSION = YES;
				CLANG_WARN_DIRECT_OBJC_ISA_USAGE = YES_ERROR;
				CLANG_WARN_EMPTY_BODY = YES;
				CLANG_WARN_ENUM_CONVERSION = YES;
				CLANG_WARN_INT_CONVERSION = YES;
				CLANG_WARN_OBJC_ROOT_CLASS = YES_ERROR;
				CLANG_WARN_UNREACHABLE_CODE = YES;
				CLANG_WARN__DUPLICATE_METHOD_MATCH = YES;
				"CODE_SIGN_IDENTITY[sdk=iphoneos*]" = "iPhone Developer";
				COPY_PHASE_STRIP = NO;
				DEBUG_INFORMATION_FORMAT = "dwarf-with-dsym";
				ENABLE_NS_ASSERTIONS = NO;
				ENABLE_STRICT_OBJC_MSGSEND = YES;
				GCC_C_LANGUAGE_STANDARD = gnu99;
				GCC_NO_COMMON_BLOCKS = YES;
				GCC_WARN_64_TO_32_BIT_CONVERSION = YES;
				GCC_WARN_ABOUT_RETURN_TYPE = YES_ERROR;
				GCC_WARN_UNDECLARED_SELECTOR = YES;
				GCC_WARN_UNINITIALIZED_AUTOS = YES_AGGRESSIVE;
				GCC_WARN_UNUSED_FUNCTION = YES;
				GCC_WARN_UNUSED_VARIABLE = YES;
				IPHONEOS_DEPLOYMENT_TARGET = 9.2;
				MTL_ENABLE_DEBUG_INFO = NO;
				SDKROOT = iphoneos;
				VALIDATE_PRODUCT = YES;
			};
			name = Release;
		};
		7A7189B71CA3111F0011FD58 /* Debug */ = {
			isa = XCBuildConfiguration;
			baseConfigurationReference = 1E0E385334E90A882E82B10D /* Pods.debug.xcconfig */;
			buildSettings = {
				ASSETCATALOG_COMPILER_APPICON_NAME = AppIcon;
				ASSETCATALOG_COMPILER_LAUNCHIMAGE_NAME = "Brand Assets";
				GCC_PREFIX_HEADER = "Gojimo-ObjC/SupportingFiles/Gojimo-ObjC-Prefix.pch";
				INFOPLIST_FILE = "Gojimo-ObjC/SupportingFiles/Info.plist";
				IPHONEOS_DEPLOYMENT_TARGET = 9.0;
				LD_RUNPATH_SEARCH_PATHS = "$(inherited) @executable_path/Frameworks";
				PRODUCT_BUNDLE_IDENTIFIER = "Gabriel-Massana.Gojimo-ObjC";
				PRODUCT_NAME = "$(TARGET_NAME)";
			};
			name = Debug;
		};
		7A7189B81CA3111F0011FD58 /* Release */ = {
			isa = XCBuildConfiguration;
			baseConfigurationReference = C33E5DAA0BF9774096280871 /* Pods.release.xcconfig */;
			buildSettings = {
				ASSETCATALOG_COMPILER_APPICON_NAME = AppIcon;
				ASSETCATALOG_COMPILER_LAUNCHIMAGE_NAME = "Brand Assets";
				GCC_PREFIX_HEADER = "Gojimo-ObjC/SupportingFiles/Gojimo-ObjC-Prefix.pch";
				INFOPLIST_FILE = "Gojimo-ObjC/SupportingFiles/Info.plist";
				IPHONEOS_DEPLOYMENT_TARGET = 9.0;
				LD_RUNPATH_SEARCH_PATHS = "$(inherited) @executable_path/Frameworks";
				PRODUCT_BUNDLE_IDENTIFIER = "Gabriel-Massana.Gojimo-ObjC";
				PRODUCT_NAME = "$(TARGET_NAME)";
			};
			name = Release;
		};
/* End XCBuildConfiguration section */

/* Begin XCConfigurationList section */
		7A71899A1CA3111F0011FD58 /* Build configuration list for PBXProject "Gojimo-ObjC" */ = {
			isa = XCConfigurationList;
			buildConfigurations = (
				7A7189B41CA3111F0011FD58 /* Debug */,
				7A7189B51CA3111F0011FD58 /* Release */,
			);
			defaultConfigurationIsVisible = 0;
			defaultConfigurationName = Release;
		};
		7A7189B61CA3111F0011FD58 /* Build configuration list for PBXNativeTarget "Gojimo-ObjC" */ = {
			isa = XCConfigurationList;
			buildConfigurations = (
				7A7189B71CA3111F0011FD58 /* Debug */,
				7A7189B81CA3111F0011FD58 /* Release */,
			);
			defaultConfigurationIsVisible = 0;
			defaultConfigurationName = Release;
		};
/* End XCConfigurationList section */

/* Begin XCVersionGroup section */
		7A7189E61CA31C480011FD58 /* Gojimo.xcdatamodeld */ = {
			isa = XCVersionGroup;
			children = (
				7A7189E71CA31C480011FD58 /* Gojimo.xcdatamodel */,
			);
			currentVersion = 7A7189E71CA31C480011FD58 /* Gojimo.xcdatamodel */;
			path = Gojimo.xcdatamodeld;
			sourceTree = "<group>";
			versionGroupType = wrapper.xcdatamodel;
		};
/* End XCVersionGroup section */
	};
	rootObject = 7A7189971CA3111F0011FD58 /* Project object */;
}
